
Microsoft Visual Studio Solution File, Format Version 12.00
# Visual Studio Version 17
VisualStudioVersion = 17.2.32630.192
MinimumVisualStudioVersion = 10.0.40219.1
Project("{FAE04EC0-301F-11D3-BF4B-00C04F79EFBC}") = "Apresentacao de Po2", "Apresentacao de Po2\Apresentacao de Po2.csproj", "{6A60A719-25F8-44DB-9651-4E45CB83F857}"
EndProject
Global
	GlobalSection(SolutionConfigurationPlatforms) = preSolution
		Debug|Any CPU = Debug|Any CPU
		Release|Any CPU = Release|Any CPU
	EndGlobalSection
	GlobalSection(ProjectConfigurationPlatforms) = postSolution
		{6A60A719-25F8-44DB-9651-4E45CB83F857}.Debug|Any CPU.ActiveCfg = Debug|Any CPU
		{6A60A719-25F8-44DB-9651-4E45CB83F857}.Debug|Any CPU.Build.0 = Debug|Any CPU
		{6A60A719-25F8-44DB-9651-4E45CB83F857}.Release|Any CPU.ActiveCfg = Release|Any CPU
		{6A60A719-25F8-44DB-9651-4E45CB83F857}.Release|Any CPU.Build.0 = Release|Any CPU
	EndGlobalSection
	GlobalSection(SolutionProperties) = preSolution
		HideSolutionNode = FALSE
	EndGlobalSection
	GlobalSection(ExtensibilityGlobals) = postSolution
		SolutionGuid = {C2E31782-54DA-4562-B5B8-94AEA06556E0}
	EndGlobalSection
EndGlobal
